
Microsoft Visual Studio Solution File, Format Version 12.00
# Visual Studio 2013
VisualStudioVersion = 12.0.31101.0
MinimumVisualStudioVersion = 10.0.40219.1
Project("{FAE04EC0-301F-11D3-BF4B-00C04F79EFBC}") = "01_02_ExtensioMethods", "ExtensioMethods\01_02_ExtensioMethods.csproj", "{5B7279B6-1630-4E14-A4CD-B413A97CCDC1}"
EndProject
Project("{FAE04EC0-301F-11D3-BF4B-00C04F79EFBC}") = "03-05_09-19_StudentsSystem", "StudentsSystem\03-05_09-19_StudentsSystem.csproj", "{79D0E224-4A01-4138-85BA-3E556430B89B}"
EndProject
Project("{FAE04EC0-301F-11D3-BF4B-00C04F79EFBC}") = "17_LongestString", "LongestString\17_LongestString.csproj", "{3B15105C-3084-44D8-9CEA-55DC6F222DC9}"
EndProject
Project("{FAE04EC0-301F-11D3-BF4B-00C04F79EFBC}") = "06_DivisibleBy7And3", "DivisibleBy 7And3\06_DivisibleBy7And3.csproj", "{2D8B739F-E8AA-4C4E-9EA7-33981AEC6104}"
EndProject
Project("{FAE04EC0-301F-11D3-BF4B-00C04F79EFBC}") = "07-08_TimerAndEvents", "07-08_TimerAndEvents\07-08_TimerAndEvents.csproj", "{58C695FB-9CFC-486B-9931-A3E8A1BB780A}"
EndProject
Global
	GlobalSection(SolutionConfigurationPlatforms) = preSolution
		Debug|Any CPU = Debug|Any CPU
		Release|Any CPU = Release|Any CPU
	EndGlobalSection
	GlobalSection(ProjectConfigurationPlatforms) = postSolution
		{5B7279B6-1630-4E14-A4CD-B413A97CCDC1}.Debug|Any CPU.ActiveCfg = Debug|Any CPU
		{5B7279B6-1630-4E14-A4CD-B413A97CCDC1}.Debug|Any CPU.Build.0 = Debug|Any CPU
		{5B7279B6-1630-4E14-A4CD-B413A97CCDC1}.Release|Any CPU.ActiveCfg = Release|Any CPU
		{5B7279B6-1630-4E14-A4CD-B413A97CCDC1}.Release|Any CPU.Build.0 = Release|Any CPU
		{79D0E224-4A01-4138-85BA-3E556430B89B}.Debug|Any CPU.ActiveCfg = Debug|Any CPU
		{79D0E224-4A01-4138-85BA-3E556430B89B}.Debug|Any CPU.Build.0 = Debug|Any CPU
		{79D0E224-4A01-4138-85BA-3E556430B89B}.Release|Any CPU.ActiveCfg = Release|Any CPU
		{79D0E224-4A01-4138-85BA-3E556430B89B}.Release|Any CPU.Build.0 = Release|Any CPU
		{3B15105C-3084-44D8-9CEA-55DC6F222DC9}.Debug|Any CPU.ActiveCfg = Debug|Any CPU
		{3B15105C-3084-44D8-9CEA-55DC6F222DC9}.Debug|Any CPU.Build.0 = Debug|Any CPU
		{3B15105C-3084-44D8-9CEA-55DC6F222DC9}.Release|Any CPU.ActiveCfg = Release|Any CPU
		{3B15105C-3084-44D8-9CEA-55DC6F222DC9}.Release|Any CPU.Build.0 = Release|Any CPU
		{2D8B739F-E8AA-4C4E-9EA7-33981AEC6104}.Debug|Any CPU.ActiveCfg = Debug|Any CPU
		{2D8B739F-E8AA-4C4E-9EA7-33981AEC6104}.Debug|Any CPU.Build.0 = Debug|Any CPU
		{2D8B739F-E8AA-4C4E-9EA7-33981AEC6104}.Release|Any CPU.ActiveCfg = Release|Any CPU
		{2D8B739F-E8AA-4C4E-9EA7-33981AEC6104}.Release|Any CPU.Build.0 = Release|Any CPU
		{58C695FB-9CFC-486B-9931-A3E8A1BB780A}.Debug|Any CPU.ActiveCfg = Debug|Any CPU
		{58C695FB-9CFC-486B-9931-A3E8A1BB780A}.Debug|Any CPU.Build.0 = Debug|Any CPU
		{58C695FB-9CFC-486B-9931-A3E8A1BB780A}.Release|Any CPU.ActiveCfg = Release|Any CPU
		{58C695FB-9CFC-486B-9931-A3E8A1BB780A}.Release|Any CPU.Build.0 = Release|Any CPU
	EndGlobalSection
	GlobalSection(SolutionProperties) = preSolution
		HideSolutionNode = FALSE
	EndGlobalSection
EndGlobal
