
Microsoft Visual Studio Solution File, Format Version 12.00
# Visual Studio 2013
VisualStudioVersion = 12.0.31101.0
MinimumVisualStudioVersion = 10.0.40219.1
Project("{FAE04EC0-301F-11D3-BF4B-00C04F79EFBC}") = "01_OddLines", "OddLines\01_OddLines.csproj", "{2EE1A828-9EAF-4D65-A8A4-8865C15A0B49}"
EndProject
Project("{FAE04EC0-301F-11D3-BF4B-00C04F79EFBC}") = "02_ConcatenateTextFiles", "ConcatenateTextFiles\02_ConcatenateTextFiles.csproj", "{3597E6A3-19D7-491A-924B-237225AFACBB}"
EndProject
Project("{FAE04EC0-301F-11D3-BF4B-00C04F79EFBC}") = "03_LineNumbers", "LineNumbers\03_LineNumbers.csproj", "{212045CA-9DE2-4C1B-BCE4-62D5270AC5D6}"
EndProject
Project("{FAE04EC0-301F-11D3-BF4B-00C04F79EFBC}") = "04_CompareTextFiles", "CompareTextFiles\04_CompareTextFiles.csproj", "{0F3FCE08-BCC5-42D3-9365-E87F1AF0A48A}"
EndProject
Project("{FAE04EC0-301F-11D3-BF4B-00C04F79EFBC}") = "05_MaximalAreaSum", "MaximalAreaSum\05_MaximalAreaSum.csproj", "{8FF484B7-770B-42B3-9CB3-8FACA45B2F00}"
EndProject
Project("{FAE04EC0-301F-11D3-BF4B-00C04F79EFBC}") = "06_SaveSortedNames", "SaveSortedNames\06_SaveSortedNames.csproj", "{E3FC0B93-EED2-43B6-86EB-042384D5F9B7}"
EndProject
Project("{FAE04EC0-301F-11D3-BF4B-00C04F79EFBC}") = "07_ReplaceSubString", "ReplaceSubString\07_ReplaceSubString.csproj", "{B620D5A3-A693-47E8-8AEA-0F4EA99F553F}"
EndProject
Project("{FAE04EC0-301F-11D3-BF4B-00C04F79EFBC}") = "08_ReplaceWholeWord", "ReplaceWholeWord\08_ReplaceWholeWord.csproj", "{8BCEC0C2-A73E-4ECB-9D58-99E8B8250581}"
EndProject
Project("{FAE04EC0-301F-11D3-BF4B-00C04F79EFBC}") = "09_DeleteOddLines", "DeleteOddLines\09_DeleteOddLines.csproj", "{948006A2-3EA9-4EDF-B250-6CEF93E5D516}"
EndProject
Project("{FAE04EC0-301F-11D3-BF4B-00C04F79EFBC}") = "10_ExtracTextFromXML", "ExtracTextFromXML\10_ExtracTextFromXML.csproj", "{2E13AD16-D47B-494D-A5AB-11C1058137F5}"
EndProject
Project("{FAE04EC0-301F-11D3-BF4B-00C04F79EFBC}") = "11_PrefixTtest", "PrefixTtest\11_PrefixTtest.csproj", "{34B7AD39-6107-4D81-A2C2-C688F159298C}"
EndProject
Project("{FAE04EC0-301F-11D3-BF4B-00C04F79EFBC}") = "12_RemoveWords", "RemoveWords\12_RemoveWords.csproj", "{E8ABF808-35EB-465D-989A-54E17E875532}"
EndProject
Project("{FAE04EC0-301F-11D3-BF4B-00C04F79EFBC}") = "13_CountWords", "CountWords\13_CountWords.csproj", "{48A4B8F1-6D1A-400B-946A-11C21C8EF98C}"
EndProject
Global
	GlobalSection(SolutionConfigurationPlatforms) = preSolution
		Debug|Any CPU = Debug|Any CPU
		Release|Any CPU = Release|Any CPU
	EndGlobalSection
	GlobalSection(ProjectConfigurationPlatforms) = postSolution
		{2EE1A828-9EAF-4D65-A8A4-8865C15A0B49}.Debug|Any CPU.ActiveCfg = Debug|Any CPU
		{2EE1A828-9EAF-4D65-A8A4-8865C15A0B49}.Debug|Any CPU.Build.0 = Debug|Any CPU
		{2EE1A828-9EAF-4D65-A8A4-8865C15A0B49}.Release|Any CPU.ActiveCfg = Release|Any CPU
		{2EE1A828-9EAF-4D65-A8A4-8865C15A0B49}.Release|Any CPU.Build.0 = Release|Any CPU
		{3597E6A3-19D7-491A-924B-237225AFACBB}.Debug|Any CPU.ActiveCfg = Debug|Any CPU
		{3597E6A3-19D7-491A-924B-237225AFACBB}.Debug|Any CPU.Build.0 = Debug|Any CPU
		{3597E6A3-19D7-491A-924B-237225AFACBB}.Release|Any CPU.ActiveCfg = Release|Any CPU
		{3597E6A3-19D7-491A-924B-237225AFACBB}.Release|Any CPU.Build.0 = Release|Any CPU
		{212045CA-9DE2-4C1B-BCE4-62D5270AC5D6}.Debug|Any CPU.ActiveCfg = Debug|Any CPU
		{212045CA-9DE2-4C1B-BCE4-62D5270AC5D6}.Debug|Any CPU.Build.0 = Debug|Any CPU
		{212045CA-9DE2-4C1B-BCE4-62D5270AC5D6}.Release|Any CPU.ActiveCfg = Release|Any CPU
		{212045CA-9DE2-4C1B-BCE4-62D5270AC5D6}.Release|Any CPU.Build.0 = Release|Any CPU
		{0F3FCE08-BCC5-42D3-9365-E87F1AF0A48A}.Debug|Any CPU.ActiveCfg = Debug|Any CPU
		{0F3FCE08-BCC5-42D3-9365-E87F1AF0A48A}.Debug|Any CPU.Build.0 = Debug|Any CPU
		{0F3FCE08-BCC5-42D3-9365-E87F1AF0A48A}.Release|Any CPU.ActiveCfg = Release|Any CPU
		{0F3FCE08-BCC5-42D3-9365-E87F1AF0A48A}.Release|Any CPU.Build.0 = Release|Any CPU
		{8FF484B7-770B-42B3-9CB3-8FACA45B2F00}.Debug|Any CPU.ActiveCfg = Debug|Any CPU
		{8FF484B7-770B-42B3-9CB3-8FACA45B2F00}.Debug|Any CPU.Build.0 = Debug|Any CPU
		{8FF484B7-770B-42B3-9CB3-8FACA45B2F00}.Release|Any CPU.ActiveCfg = Release|Any CPU
		{8FF484B7-770B-42B3-9CB3-8FACA45B2F00}.Release|Any CPU.Build.0 = Release|Any CPU
		{E3FC0B93-EED2-43B6-86EB-042384D5F9B7}.Debug|Any CPU.ActiveCfg = Debug|Any CPU
		{E3FC0B93-EED2-43B6-86EB-042384D5F9B7}.Debug|Any CPU.Build.0 = Debug|Any CPU
		{E3FC0B93-EED2-43B6-86EB-042384D5F9B7}.Release|Any CPU.ActiveCfg = Release|Any CPU
		{E3FC0B93-EED2-43B6-86EB-042384D5F9B7}.Release|Any CPU.Build.0 = Release|Any CPU
		{B620D5A3-A693-47E8-8AEA-0F4EA99F553F}.Debug|Any CPU.ActiveCfg = Debug|Any CPU
		{B620D5A3-A693-47E8-8AEA-0F4EA99F553F}.Debug|Any CPU.Build.0 = Debug|Any CPU
		{B620D5A3-A693-47E8-8AEA-0F4EA99F553F}.Release|Any CPU.ActiveCfg = Release|Any CPU
		{B620D5A3-A693-47E8-8AEA-0F4EA99F553F}.Release|Any CPU.Build.0 = Release|Any CPU
		{8BCEC0C2-A73E-4ECB-9D58-99E8B8250581}.Debug|Any CPU.ActiveCfg = Debug|Any CPU
		{8BCEC0C2-A73E-4ECB-9D58-99E8B8250581}.Debug|Any CPU.Build.0 = Debug|Any CPU
		{8BCEC0C2-A73E-4ECB-9D58-99E8B8250581}.Release|Any CPU.ActiveCfg = Release|Any CPU
		{8BCEC0C2-A73E-4ECB-9D58-99E8B8250581}.Release|Any CPU.Build.0 = Release|Any CPU
		{948006A2-3EA9-4EDF-B250-6CEF93E5D516}.Debug|Any CPU.ActiveCfg = Debug|Any CPU
		{948006A2-3EA9-4EDF-B250-6CEF93E5D516}.Debug|Any CPU.Build.0 = Debug|Any CPU
		{948006A2-3EA9-4EDF-B250-6CEF93E5D516}.Release|Any CPU.ActiveCfg = Release|Any CPU
		{948006A2-3EA9-4EDF-B250-6CEF93E5D516}.Release|Any CPU.Build.0 = Release|Any CPU
		{2E13AD16-D47B-494D-A5AB-11C1058137F5}.Debug|Any CPU.ActiveCfg = Debug|Any CPU
		{2E13AD16-D47B-494D-A5AB-11C1058137F5}.Debug|Any CPU.Build.0 = Debug|Any CPU
		{2E13AD16-D47B-494D-A5AB-11C1058137F5}.Release|Any CPU.ActiveCfg = Release|Any CPU
		{2E13AD16-D47B-494D-A5AB-11C1058137F5}.Release|Any CPU.Build.0 = Release|Any CPU
		{34B7AD39-6107-4D81-A2C2-C688F159298C}.Debug|Any CPU.ActiveCfg = Debug|Any CPU
		{34B7AD39-6107-4D81-A2C2-C688F159298C}.Debug|Any CPU.Build.0 = Debug|Any CPU
		{34B7AD39-6107-4D81-A2C2-C688F159298C}.Release|Any CPU.ActiveCfg = Release|Any CPU
		{34B7AD39-6107-4D81-A2C2-C688F159298C}.Release|Any CPU.Build.0 = Release|Any CPU
		{E8ABF808-35EB-465D-989A-54E17E875532}.Debug|Any CPU.ActiveCfg = Debug|Any CPU
		{E8ABF808-35EB-465D-989A-54E17E875532}.Debug|Any CPU.Build.0 = Debug|Any CPU
		{E8ABF808-35EB-465D-989A-54E17E875532}.Release|Any CPU.ActiveCfg = Release|Any CPU
		{E8ABF808-35EB-465D-989A-54E17E875532}.Release|Any CPU.Build.0 = Release|Any CPU
		{48A4B8F1-6D1A-400B-946A-11C21C8EF98C}.Debug|Any CPU.ActiveCfg = Debug|Any CPU
		{48A4B8F1-6D1A-400B-946A-11C21C8EF98C}.Debug|Any CPU.Build.0 = Debug|Any CPU
		{48A4B8F1-6D1A-400B-946A-11C21C8EF98C}.Release|Any CPU.ActiveCfg = Release|Any CPU
		{48A4B8F1-6D1A-400B-946A-11C21C8EF98C}.Release|Any CPU.Build.0 = Release|Any CPU
	EndGlobalSection
	GlobalSection(SolutionProperties) = preSolution
		HideSolutionNode = FALSE
	EndGlobalSection
EndGlobal
